// !$*UTF8*$!
{
	archiveVersion = 1;
	classes = {
	};
	objectVersion = 50;
	objects = {

/* Begin PBXBuildFile section */
		8162E1B221EEBD49002DEECF /* AppDelegate.swift in Sources */ = {isa = PBXBuildFile; fileRef = 8162E1B121EEBD49002DEECF /* AppDelegate.swift */; };
		8162E1B421EEBD49002DEECF /* ViewController.swift in Sources */ = {isa = PBXBuildFile; fileRef = 8162E1B321EEBD49002DEECF /* ViewController.swift */; };
		8162E1B721EEBD49002DEECF /* Main.storyboard in Resources */ = {isa = PBXBuildFile; fileRef = 8162E1B521EEBD49002DEECF /* Main.storyboard */; };
		8162E1B921EEBD4A002DEECF /* Assets.xcassets in Resources */ = {isa = PBXBuildFile; fileRef = 8162E1B821EEBD4A002DEECF /* Assets.xcassets */; };
		8162E1BC21EEBD4A002DEECF /* LaunchScreen.storyboard in Resources */ = {isa = PBXBuildFile; fileRef = 8162E1BA21EEBD4A002DEECF /* LaunchScreen.storyboard */; };
		8162E1C421EECE2F002DEECF /* Coordinator.swift in Sources */ = {isa = PBXBuildFile; fileRef = 8162E1C321EECE2F002DEECF /* Coordinator.swift */; };
		8162E1C621EECED3002DEECF /* Storyboarded.swift in Sources */ = {isa = PBXBuildFile; fileRef = 8162E1C521EECED3002DEECF /* Storyboarded.swift */; };
		8162E1C821EED194002DEECF /* MainCoordinator.swift in Sources */ = {isa = PBXBuildFile; fileRef = 8162E1C721EED194002DEECF /* MainCoordinator.swift */; };
		8162E1CA21EED814002DEECF /* BuyViewController.swift in Sources */ = {isa = PBXBuildFile; fileRef = 8162E1C921EED814002DEECF /* BuyViewController.swift */; };
		8162E1CC21EED82E002DEECF /* CreateAccountViewController.swift in Sources */ = {isa = PBXBuildFile; fileRef = 8162E1CB21EED82E002DEECF /* CreateAccountViewController.swift */; };
/* End PBXBuildFile section */

/* Begin PBXFileReference section */
		8162E1AE21EEBD49002DEECF /* CoordinatorTest.app */ = {isa = PBXFileReference; explicitFileType = wrapper.application; includeInIndex = 0; path = CoordinatorTest.app; sourceTree = BUILT_PRODUCTS_DIR; };
		8162E1B121EEBD49002DEECF /* AppDelegate.swift */ = {isa = PBXFileReference; lastKnownFileType = sourcecode.swift; path = AppDelegate.swift; sourceTree = "<group>"; };
		8162E1B321EEBD49002DEECF /* ViewController.swift */ = {isa = PBXFileReference; lastKnownFileType = sourcecode.swift; path = ViewController.swift; sourceTree = "<group>"; };
		8162E1B621EEBD49002DEECF /* Base */ = {isa = PBXFileReference; lastKnownFileType = file.storyboard; name = Base; path = Base.lproj/Main.storyboard; sourceTree = "<group>"; };
		8162E1B821EEBD4A002DEECF /* Assets.xcassets */ = {isa = PBXFileReference; lastKnownFileType = folder.assetcatalog; path = Assets.xcassets; sourceTree = "<group>"; };
		8162E1BB21EEBD4A002DEECF /* Base */ = {isa = PBXFileReference; lastKnownFileType = file.storyboard; name = Base; path = Base.lproj/LaunchScreen.storyboard; sourceTree = "<group>"; };
		8162E1BD21EEBD4A002DEECF /* Info.plist */ = {isa = PBXFileReference; lastKnownFileType = text.plist.xml; path = Info.plist; sourceTree = "<group>"; };
		8162E1C321EECE2F002DEECF /* Coordinator.swift */ = {isa = PBXFileReference; lastKnownFileType = sourcecode.swift; path = Coordinator.swift; sourceTree = "<group>"; };
		8162E1C521EECED3002DEECF /* Storyboarded.swift */ = {isa = PBXFileReference; lastKnownFileType = sourcecode.swift; path = Storyboarded.swift; sourceTree = "<group>"; };
		8162E1C721EED194002DEECF /* MainCoordinator.swift */ = {isa = PBXFileReference; lastKnownFileType = sourcecode.swift; path = MainCoordinator.swift; sourceTree = "<group>"; };
		8162E1C921EED814002DEECF /* BuyViewController.swift */ = {isa = PBXFileReference; lastKnownFileType = sourcecode.swift; path = BuyViewController.swift; sourceTree = "<group>"; };
		8162E1CB21EED82E002DEECF /* CreateAccountViewController.swift */ = {isa = PBXFileReference; lastKnownFileType = sourcecode.swift; path = CreateAccountViewController.swift; sourceTree = "<group>"; };
/* End PBXFileReference section */

/* Begin PBXFrameworksBuildPhase section */
		8162E1AB21EEBD49002DEECF /* Frameworks */ = {
			isa = PBXFrameworksBuildPhase;
			buildActionMask = 2147483647;
			files = (
			);
			runOnlyForDeploymentPostprocessing = 0;
		};
/* End PBXFrameworksBuildPhase section */

/* Begin PBXGroup section */
		8162E1A521EEBD49002DEECF = {
			isa = PBXGroup;
			children = (
				8162E1B021EEBD49002DEECF /* CoordinatorTest */,
				8162E1AF21EEBD49002DEECF /* Products */,
			);
			sourceTree = "<group>";
		};
		8162E1AF21EEBD49002DEECF /* Products */ = {
			isa = PBXGroup;
			children = (
				8162E1AE21EEBD49002DEECF /* CoordinatorTest.app */,
			);
			name = Products;
			sourceTree = "<group>";
		};
		8162E1B021EEBD49002DEECF /* CoordinatorTest */ = {
			isa = PBXGroup;
			children = (
				8162E1C721EED194002DEECF /* MainCoordinator.swift */,
				8162E1C921EED814002DEECF /* BuyViewController.swift */,
				8162E1CB21EED82E002DEECF /* CreateAccountViewController.swift */,
				8162E1C321EECE2F002DEECF /* Coordinator.swift */,
				8162E1C521EECED3002DEECF /* Storyboarded.swift */,
				8162E1B121EEBD49002DEECF /* AppDelegate.swift */,
				8162E1B321EEBD49002DEECF /* ViewController.swift */,
				8162E1B521EEBD49002DEECF /* Main.storyboard */,
				8162E1B821EEBD4A002DEECF /* Assets.xcassets */,
				8162E1BA21EEBD4A002DEECF /* LaunchScreen.storyboard */,
				8162E1BD21EEBD4A002DEECF /* Info.plist */,
			);
			path = CoordinatorTest;
			sourceTree = "<group>";
		};
/* End PBXGroup section */

/* Begin PBXNativeTarget section */
		8162E1AD21EEBD49002DEECF /* CoordinatorTest */ = {
			isa = PBXNativeTarget;
			buildConfigurationList = 8162E1C021EEBD4A002DEECF /* Build configuration list for PBXNativeTarget "CoordinatorTest" */;
			buildPhases = (
				8162E1AA21EEBD49002DEECF /* Sources */,
				8162E1AB21EEBD49002DEECF /* Frameworks */,
				8162E1AC21EEBD49002DEECF /* Resources */,
			);
			buildRules = (
			);
			dependencies = (
			);
			name = CoordinatorTest;
			productName = CoordinatorTest;
			productReference = 8162E1AE21EEBD49002DEECF /* CoordinatorTest.app */;
			productType = "com.apple.product-type.application";
		};
/* End PBXNativeTarget section */

/* Begin PBXProject section */
		8162E1A621EEBD49002DEECF /* Project object */ = {
			isa = PBXProject;
			attributes = {
				LastSwiftUpdateCheck = 1010;
				LastUpgradeCheck = 1010;
				ORGANIZATIONNAME = "Sam Reaves Digital";
				TargetAttributes = {
					8162E1AD21EEBD49002DEECF = {
						CreatedOnToolsVersion = 10.1;
					};
				};
			};
			buildConfigurationList = 8162E1A921EEBD49002DEECF /* Build configuration list for PBXProject "CoordinatorTest" */;
			compatibilityVersion = "Xcode 9.3";
			developmentRegion = en;
			hasScannedForEncodings = 0;
			knownRegions = (
				en,
				Base,
			);
			mainGroup = 8162E1A521EEBD49002DEECF;
			productRefGroup = 8162E1AF21EEBD49002DEECF /* Products */;
			projectDirPath = "";
			projectRoot = "";
			targets = (
				8162E1AD21EEBD49002DEECF /* CoordinatorTest */,
			);
		};
/* End PBXProject section */

/* Begin PBXResourcesBuildPhase section */
		8162E1AC21EEBD49002DEECF /* Resources */ = {
			isa = PBXResourcesBuildPhase;
			buildActionMask = 2147483647;
			files = (
				8162E1BC21EEBD4A002DEECF /* LaunchScreen.storyboard in Resources */,
				8162E1B921EEBD4A002DEECF /* Assets.xcassets in Resources */,
				8162E1B721EEBD49002DEECF /* Main.storyboard in Resources */,
			);
			runOnlyForDeploymentPostprocessing = 0;
		};
/* End PBXResourcesBuildPhase section */

/* Begin PBXSourcesBuildPhase section */
		8162E1AA21EEBD49002DEECF /* Sources */ = {
			isa = PBXSourcesBuildPhase;
			buildActionMask = 2147483647;
			files = (
				8162E1CC21EED82E002DEECF /* CreateAccountViewController.swift in Sources */,
				8162E1B421EEBD49002DEECF /* ViewController.swift in Sources */,
				8162E1B221EEBD49002DEECF /* AppDelegate.swift in Sources */,
				8162E1C421EECE2F002DEECF /* Coordinator.swift in Sources */,
				8162E1C821EED194002DEECF /* MainCoordinator.swift in Sources */,
				8162E1C621EECED3002DEECF /* Storyboarded.swift in Sources */,
				8162E1CA21EED814002DEECF /* BuyViewController.swift in Sources */,
			);
			runOnlyForDeploymentPostprocessing = 0;
		};
/* End PBXSourcesBuildPhase section */

/* Begin PBXVariantGroup section */
		8162E1B521EEBD49002DEECF /* Main.storyboard */ = {
			isa = PBXVariantGroup;
			children = (
				8162E1B621EEBD49002DEECF /* Base */,
			);
			name = Main.storyboard;
			sourceTree = "<group>";
		};
		8162E1BA21EEBD4A002DEECF /* LaunchScreen.storyboard */ = {
			isa = PBXVariantGroup;
			children = (
				8162E1BB21EEBD4A002DEECF /* Base */,
			);
			name = LaunchScreen.storyboard;
			sourceTree = "<group>";
		};
/* End PBXVariantGroup section */

/* Begin XCBuildConfiguration section */
		8162E1BE21EEBD4A002DEECF /* Debug */ = {
			isa = XCBuildConfiguration;
			buildSettings = {
				ALWAYS_SEARCH_USER_PATHS = NO;
				CLANG_ANALYZER_NONNULL = YES;
				CLANG_ANALYZER_NUMBER_OBJECT_CONVERSION = YES_AGGRESSIVE;
				CLANG_CXX_LANGUAGE_STANDARD = "gnu++14";
				CLANG_CXX_LIBRARY = "libc++";
				CLANG_ENABLE_MODULES = YES;
				CLANG_ENABLE_OBJC_ARC = YES;
				CLANG_ENABLE_OBJC_WEAK = YES;
				CLANG_WARN_BLOCK_CAPTURE_AUTORELEASING = YES;
				CLANG_WARN_BOOL_CONVERSION = YES;
				CLANG_WARN_COMMA = YES;
				CLANG_WARN_CONSTANT_CONVERSION = YES;
				CLANG_WARN_DEPRECATED_OBJC_IMPLEMENTATIONS = YES;
				CLANG_WARN_DIRECT_OBJC_ISA_USAGE = YES_ERROR;
				CLANG_WARN_DOCUMENTATION_COMMENTS = YES;
				CLANG_WARN_EMPTY_BODY = YES;
				CLANG_WARN_ENUM_CONVERSION = YES;
				CLANG_WARN_INFINITE_RECURSION = YES;
				CLANG_WARN_INT_CONVERSION = YES;
				CLANG_WARN_NON_LITERAL_NULL_CONVERSION = YES;
				CLANG_WARN_OBJC_IMPLICIT_RETAIN_SELF = YES;
				CLANG_WARN_OBJC_LITERAL_CONVERSION = YES;
				CLANG_WARN_OBJC_ROOT_CLASS = YES_ERROR;
				CLANG_WARN_RANGE_LOOP_ANALYSIS = YES;
				CLANG_WARN_STRICT_PROTOTYPES = YES;
				CLANG_WARN_SUSPICIOUS_MOVE = YES;
				CLANG_WARN_UNGUARDED_AVAILABILITY = YES_AGGRESSIVE;
				CLANG_WARN_UNREACHABLE_CODE = YES;
				CLANG_WARN__DUPLICATE_METHOD_MATCH = YES;
				CODE_SIGN_IDENTITY = "iPhone Developer";
				COPY_PHASE_STRIP = NO;
				DEBUG_INFORMATION_FORMAT = dwarf;
				ENABLE_STRICT_OBJC_MSGSEND = YES;
				ENABLE_TESTABILITY = YES;
				GCC_C_LANGUAGE_STANDARD = gnu11;
				GCC_DYNAMIC_NO_PIC = NO;
				GCC_NO_COMMON_BLOCKS = YES;
				GCC_OPTIMIZATION_LEVEL = 0;
				GCC_PREPROCESSOR_DEFINITIONS = (
					"DEBUG=1",
					"$(inherited)",
				);
				GCC_WARN_64_TO_32_BIT_CONVERSION = YES;
				GCC_WARN_ABOUT_RETURN_TYPE = YES_ERROR;
				GCC_WARN_UNDECLARED_SELECTOR = YES;
				GCC_WARN_UNINITIALIZED_AUTOS = YES_AGGRESSIVE;
				GCC_WARN_UNUSED_FUNCTION = YES;
				GCC_WARN_UNUSED_VARIABLE = YES;
				IPHONEOS_DEPLOYMENT_TARGET = 12.1;
				MTL_ENABLE_DEBUG_INFO = INCLUDE_SOURCE;
				MTL_FAST_MATH = YES;
				ONLY_ACTIVE_ARCH = YES;
				SDKROOT = iphoneos;
				SWIFT_ACTIVE_COMPILATION_CONDITIONS = DEBUG;
				SWIFT_OPTIMIZATION_LEVEL = "-Onone";
			};
			name = Debug;
		};
		8162E1BF21EEBD4A002DEECF /* Release */ = {
			isa = XCBuildConfiguration;
			buildSettings = {
				ALWAYS_SEARCH_USER_PATHS = NO;
				CLANG_ANALYZER_NONNULL = YES;
				CLANG_ANALYZER_NUMBER_OBJECT_CONVERSION = YES_AGGRESSIVE;
				CLANG_CXX_LANGUAGE_STANDARD = "gnu++14";
				CLANG_CXX_LIBRARY = "libc++";
				CLANG_ENABLE_MODULES = YES;
				CLANG_ENABLE_OBJC_ARC = YES;
				CLANG_ENABLE_OBJC_WEAK = YES;
				CLANG_WARN_BLOCK_CAPTURE_AUTORELEASING = YES;
				CLANG_WARN_BOOL_CONVERSION = YES;
				CLANG_WARN_COMMA = YES;
				CLANG_WARN_CONSTANT_CONVERSION = YES;
				CLANG_WARN_DEPRECATED_OBJC_IMPLEMENTATIONS = YES;
				CLANG_WARN_DIRECT_OBJC_ISA_USAGE = YES_ERROR;
				CLANG_WARN_DOCUMENTATION_COMMENTS = YES;
				CLANG_WARN_EMPTY_BODY = YES;
				CLANG_WARN_ENUM_CONVERSION = YES;
				CLANG_WARN_INFINITE_RECURSION = YES;
				CLANG_WARN_INT_CONVERSION = YES;
				CLANG_WARN_NON_LITERAL_NULL_CONVERSION = YES;
				CLANG_WARN_OBJC_IMPLICIT_RETAIN_SELF = YES;
				CLANG_WARN_OBJC_LITERAL_CONVERSION = YES;
				CLANG_WARN_OBJC_ROOT_CLASS = YES_ERROR;
				CLANG_WARN_RANGE_LOOP_ANALYSIS = YES;
				CLANG_WARN_STRICT_PROTOTYPES = YES;
				CLANG_WARN_SUSPICIOUS_MOVE = YES;
				CLANG_WARN_UNGUARDED_AVAILABILITY = YES_AGGRESSIVE;
				CLANG_WARN_UNREACHABLE_CODE = YES;
				CLANG_WARN__DUPLICATE_METHOD_MATCH = YES;
				CODE_SIGN_IDENTITY = "iPhone Developer";
				COPY_PHASE_STRIP = NO;
				DEBUG_INFORMATION_FORMAT = "dwarf-with-dsym";
				ENABLE_NS_ASSERTIONS = NO;
				ENABLE_STRICT_OBJC_MSGSEND = YES;
				GCC_C_LANGUAGE_STANDARD = gnu11;
				GCC_NO_COMMON_BLOCKS = YES;
				GCC_WARN_64_TO_32_BIT_CONVERSION = YES;
				GCC_WARN_ABOUT_RETURN_TYPE = YES_ERROR;
				GCC_WARN_UNDECLARED_SELECTOR = YES;
				GCC_WARN_UNINITIALIZED_AUTOS = YES_AGGRESSIVE;
				GCC_WARN_UNUSED_FUNCTION = YES;
				GCC_WARN_UNUSED_VARIABLE = YES;
				IPHONEOS_DEPLOYMENT_TARGET = 12.1;
				MTL_ENABLE_DEBUG_INFO = NO;
				MTL_FAST_MATH = YES;
				SDKROOT = iphoneos;
				SWIFT_COMPILATION_MODE = wholemodule;
				SWIFT_OPTIMIZATION_LEVEL = "-O";
				VALIDATE_PRODUCT = YES;
			};
			name = Release;
		};
		8162E1C121EEBD4A002DEECF /* Debug */ = {
			isa = XCBuildConfiguration;
			buildSettings = {
				ASSETCATALOG_COMPILER_APPICON_NAME = AppIcon;
				CODE_SIGN_STYLE = Automatic;
				DEVELOPMENT_TEAM = MEN7G4YQU2;
				INFOPLIST_FILE = CoordinatorTest/Info.plist;
				LD_RUNPATH_SEARCH_PATHS = (
					"$(inherited)",
					"@executable_path/Frameworks",
				);
				PRODUCT_BUNDLE_IDENTIFIER = com.srd.CoordinatorTest;
				PRODUCT_NAME = "$(TARGET_NAME)";
				SWIFT_VERSION = 4.2;
				TARGETED_DEVICE_FAMILY = "1,2";
			};
			name = Debug;
		};
		8162E1C221EEBD4A002DEECF /* Release */ = {
			isa = XCBuildConfiguration;
			buildSettings = {
				ASSETCATALOG_COMPILER_APPICON_NAME = AppIcon;
				CODE_SIGN_STYLE = Automatic;
				DEVELOPMENT_TEAM = MEN7G4YQU2;
				INFOPLIST_FILE = CoordinatorTest/Info.plist;
				LD_RUNPATH_SEARCH_PATHS = (
					"$(inherited)",
					"@executable_path/Frameworks",
				);
				PRODUCT_BUNDLE_IDENTIFIER = com.srd.CoordinatorTest;
				PRODUCT_NAME = "$(TARGET_NAME)";
				SWIFT_VERSION = 4.2;
				TARGETED_DEVICE_FAMILY = "1,2";
			};
			name = Release;
		};
/* End XCBuildConfiguration section */

/* Begin XCConfigurationList section */
		8162E1A921EEBD49002DEECF /* Build configuration list for PBXProject "CoordinatorTest" */ = {
			isa = XCConfigurationList;
			buildConfigurations = (
				8162E1BE21EEBD4A002DEECF /* Debug */,
				8162E1BF21EEBD4A002DEECF /* Release */,
			);
			defaultConfigurationIsVisible = 0;
			defaultConfigurationName = Release;
		};
		8162E1C021EEBD4A002DEECF /* Build configuration list for PBXNativeTarget "CoordinatorTest" */ = {
			isa = XCConfigurationList;
			buildConfigurations = (
				8162E1C121EEBD4A002DEECF /* Debug */,
				8162E1C221EEBD4A002DEECF /* Release */,
			);
			defaultConfigurationIsVisible = 0;
			defaultConfigurationName = Release;
		};
/* End XCConfigurationList section */
	};
	rootObject = 8162E1A621EEBD49002DEECF /* Project object */;
}
